github.com/mattetti/filebuffer v1.0.0 h1:ixTvQ0JjBTwWbdpDZ98lLrydo7KRi8xNRIi5RFszsbY=
github.com/mattetti/filebuffer v1.0.0/go.mod h1:X6nyAIge2JGVmuJt2MFCqmHrb/5IHiphfHtot0s5cnI=
github.com/richardlehane/mscfb v1.0.3 h1:rD8TBkYWkObWO0oLDFCbwMeZ4KoalxQy+QgniCj3nKI=
github.com/richardlehane/mscfb v1.0.3/go.mod h1:YzVpcZg9czvAuhk9T+a3avCpcFPMUWm7gK3DypaEsUk=
github.com/richardlehane/msoleps v1.0.1 h1:RfrALnSNXzmXLbGct/P2b4xkFz4e8Gmj/0Vj9M9xC1o=
github.com/richardlehane/msoleps v1.0.1/go.mod h1:BWev5JBpU9Ko2WAgmZEuiz4/u3ZYTKbjLycmwiWUfWg=
